
Microsoft Visual Studio Solution File, Format Version 12.00
# Visual Studio 15
VisualStudioVersion = 15.0.28010.2046
MinimumVisualStudioVersion = 10.0.40219.1
Project("{8BC9CEB8-8B4A-11D0-8D11-00A0C91BC942}") = "HW1 조건문1", "..\source\repos\2015440038김진호\HW1 조건문1\HW1 조건문1.vcxproj", "{28DA7CF7-75DB-49C9-8B69-E4A0EE3CC9C0}"
EndProject
Project("{8BC9CEB8-8B4A-11D0-8D11-00A0C91BC942}") = "HW1 조건문 2", "..\source\repos\2015440038김진호\HW1 조건문 2\HW1 조건문 2.vcxproj", "{35C4242F-4926-4991-A15B-3E50044591D8}"
EndProject
Project("{8BC9CEB8-8B4A-11D0-8D11-00A0C91BC942}") = "HW1 조건문 3", "..\source\repos\2015440038김진호\HW1 조건문 3\HW1 조건문 3.vcxproj", "{36D2A94B-B82F-48B4-8642-842ACEF83E9E}"
EndProject
Project("{8BC9CEB8-8B4A-11D0-8D11-00A0C91BC942}") = "HW1 조건문4", "..\source\repos\2015440038김진호\HW1 조건문4\HW1 조건문4.vcxproj", "{2C61BDBA-9820-451C-975E-A52609B57853}"
EndProject
Project("{8BC9CEB8-8B4A-11D0-8D11-00A0C91BC942}") = "HW1 조건문5", "..\source\repos\2015440038김진호\HW1 조건문5\HW1 조건문5.vcxproj", "{B96BDFCB-AFF9-43C1-B722-57DBD2AADC52}"
EndProject
Project("{8BC9CEB8-8B4A-11D0-8D11-00A0C91BC942}") = "HW1 조건문6", "..\source\repos\2015440038김진호\HW1 조건문6\HW1 조건문6.vcxproj", "{25D7D6C9-951E-470F-8F5F-11457BAD107B}"
EndProject
Project("{8BC9CEB8-8B4A-11D0-8D11-00A0C91BC942}") = "HW2 반복문1", "..\source\repos\2015440038김진호\HW2 반복문\HW2 반복문.vcxproj", "{760296BC-F2EB-478A-B12E-A04F9FE55F70}"
EndProject
Project("{8BC9CEB8-8B4A-11D0-8D11-00A0C91BC942}") = "HW2 반복문2", "..\source\repos\2015440038김진호\HW2 반복문2\HW2 반복문2.vcxproj", "{3A4118AA-33D0-47C9-9917-70226935411D}"
EndProject
Project("{8BC9CEB8-8B4A-11D0-8D11-00A0C91BC942}") = "HW2 반복문3", "..\source\repos\2015440038김진호\Project1\Project1.vcxproj", "{A0C88C5C-31C5-47F4-B411-CC29931E521A}"
EndProject
Project("{8BC9CEB8-8B4A-11D0-8D11-00A0C91BC942}") = "HW2 반복문4", "..\source\repos\2015440038김진호\반복문4\반복문4.vcxproj", "{68F1A062-1E75-4B14-ADE1-CDA67B859D39}"
EndProject
Project("{8BC9CEB8-8B4A-11D0-8D11-00A0C91BC942}") = "HW2 반복문5", "..\source\repos\2015440038김진호\HW2 반복문5\HW2 반복문5.vcxproj", "{E52E70B3-3823-4986-8C8B-6913F2480612}"
EndProject
Project("{8BC9CEB8-8B4A-11D0-8D11-00A0C91BC942}") = "HW2 반복문6", "..\source\repos\2015440038김진호\HW2 반복문6\HW2 반복문6.vcxproj", "{3B2434D2-1574-401B-8307-46E843173C0B}"
EndProject
Project("{8BC9CEB8-8B4A-11D0-8D11-00A0C91BC942}") = "HW2 반복문7", "..\source\repos\2015440038김진호\HW2 반복문7\HW2 반복문7.vcxproj", "{4AE14ECB-20E8-44A6-828C-E08B97339C16}"
EndProject
Project("{8BC9CEB8-8B4A-11D0-8D11-00A0C91BC942}") = "HW2 반복문8", "..\source\repos\2015440038김진호\HW2 반복문8\HW2 반복문8.vcxproj", "{23AF22B0-9480-4CDA-92FC-BE961517AFA8}"
EndProject
Project("{8BC9CEB8-8B4A-11D0-8D11-00A0C91BC942}") = "HW2 반복문9", "..\source\repos\2015440038김진호\HW2 반복문9\HW2 반복문9.vcxproj", "{936CE96E-2438-46EB-A15A-EBEA57207B29}"
EndProject
Project("{8BC9CEB8-8B4A-11D0-8D11-00A0C91BC942}") = "HW2 반복문11", "..\source\repos\2015440038김진호\반복문11\반복문11.vcxproj", "{ECD8A781-B651-460E-A9EC-111B4B386F60}"
EndProject
Project("{8BC9CEB8-8B4A-11D0-8D11-00A0C91BC942}") = "HW2 반복문10", "..\source\repos\2015440038김진호\반복문10\반복문10.vcxproj", "{C938768F-9361-4FBD-86F5-CB154941C1B4}"
EndProject
Project("{8BC9CEB8-8B4A-11D0-8D11-00A0C91BC942}") = "HW2 반복문12", "..\source\repos\2015440038김진호\반복문12\반복문12.vcxproj", "{5324591E-37FD-431B-B361-2A9CE555381A}"
EndProject
Project("{8BC9CEB8-8B4A-11D0-8D11-00A0C91BC942}") = "HW2 반복문13", "..\source\repos\2015440038김진호\HW2 반복문 13\HW2 반복문 13.vcxproj", "{F9360651-A4B0-4183-969C-BE84657FF754}"
EndProject
Project("{8BC9CEB8-8B4A-11D0-8D11-00A0C91BC942}") = "HW2 반복문15", "..\source\repos\2015440038김진호\HW2반복문15\HW2반복문15.vcxproj", "{2908F7F0-55FD-4C8D-A1D7-24D974F0C5A7}"
EndProject
Project("{8BC9CEB8-8B4A-11D0-8D11-00A0C91BC942}") = "HW2 반복문16", "..\source\repos\2015440038김진호\HW2반복문16\HW2반복문16.vcxproj", "{E433EBC3-0D7D-4FA6-B6F4-C636F445010C}"
EndProject
Project("{8BC9CEB8-8B4A-11D0-8D11-00A0C91BC942}") = "HW2 반복문17", "..\source\repos\2015440038김진호\HW2 반복문17\HW2 반복문17.vcxproj", "{10CFF594-4E88-4309-8F21-8A56E27C9B74}"
EndProject
Project("{8BC9CEB8-8B4A-11D0-8D11-00A0C91BC942}") = "HW2 반복문18", "..\source\repos\2015440038김진호\HW2 반복문18\HW2 반복문18.vcxproj", "{E822E365-8956-4154-8D53-9F60C85FD03B}"
EndProject
Project("{8BC9CEB8-8B4A-11D0-8D11-00A0C91BC942}") = "HW2 반복문19", "..\source\repos\2015440038김진호\HW2 반복문19\HW2 반복문19.vcxproj", "{43D7A9AF-0288-4B7E-876B-B4B9694C6A25}"
EndProject
Project("{8BC9CEB8-8B4A-11D0-8D11-00A0C91BC942}") = "HW2 반복문20", "..\source\repos\2015440038김진호\HW2 반복문20\HW2 반복문20.vcxproj", "{E279903C-C460-4AA8-BB9E-E779404AA25B}"
EndProject
Project("{8BC9CEB8-8B4A-11D0-8D11-00A0C91BC942}") = "HW2 반복문21", "..\source\repos\2015440038김진호\HW2 반복문21\HW2 반복문21.vcxproj", "{85E8737E-958E-4D7D-93C1-C77D54F701AD}"
EndProject
Project("{8BC9CEB8-8B4A-11D0-8D11-00A0C91BC942}") = "HW2 반복문22", "..\source\repos\2015440038김진호\HW2 반복문22\HW2 반복문22.vcxproj", "{152325E8-7F87-44D1-B9E8-6F1F90A0CE79}"
EndProject
Project("{8BC9CEB8-8B4A-11D0-8D11-00A0C91BC942}") = "HW2 반복문23", "..\source\repos\2015440038김진호\HW2 반복문23\HW2 반복문23.vcxproj", "{49F83A84-DDDA-4584-BB62-6443ABC82A9C}"
EndProject
Project("{8BC9CEB8-8B4A-11D0-8D11-00A0C91BC942}") = "HW2 반복문24", "..\source\repos\2015440038김진호\HW2 반복문24\HW2 반복문24.vcxproj", "{FE3BBB20-5D31-4BB9-B26D-6AB59F82EF2D}"
EndProject
Project("{8BC9CEB8-8B4A-11D0-8D11-00A0C91BC942}") = "Project2asdfasd", "Project2asdfasd\Project2asdfasd.vcxproj", "{4E983D25-2EED-466F-9439-A0279C46182A}"
EndProject
Project("{8BC9CEB8-8B4A-11D0-8D11-00A0C91BC942}") = "12.4 linked", "12.4 linked\12.4 linked.vcxproj", "{1743F315-330A-455B-989C-17FD5DE3D1D8}"
EndProject
Project("{8BC9CEB8-8B4A-11D0-8D11-00A0C91BC942}") = "12.4 add", "12.4 add\12.4 add.vcxproj", "{1FE645DA-3B36-4676-8326-9C007431C472}"
EndProject
Global
	GlobalSection(SolutionConfigurationPlatforms) = preSolution
		Debug|x64 = Debug|x64
		Debug|x86 = Debug|x86
		Release|x64 = Release|x64
		Release|x86 = Release|x86
	EndGlobalSection
	GlobalSection(ProjectConfigurationPlatforms) = postSolution
		{28DA7CF7-75DB-49C9-8B69-E4A0EE3CC9C0}.Debug|x64.ActiveCfg = Debug|x64
		{28DA7CF7-75DB-49C9-8B69-E4A0EE3CC9C0}.Debug|x64.Build.0 = Debug|x64
		{28DA7CF7-75DB-49C9-8B69-E4A0EE3CC9C0}.Debug|x86.ActiveCfg = Debug|Win32
		{28DA7CF7-75DB-49C9-8B69-E4A0EE3CC9C0}.Debug|x86.Build.0 = Debug|Win32
		{28DA7CF7-75DB-49C9-8B69-E4A0EE3CC9C0}.Release|x64.ActiveCfg = Release|x64
		{28DA7CF7-75DB-49C9-8B69-E4A0EE3CC9C0}.Release|x64.Build.0 = Release|x64
		{28DA7CF7-75DB-49C9-8B69-E4A0EE3CC9C0}.Release|x86.ActiveCfg = Release|Win32
		{28DA7CF7-75DB-49C9-8B69-E4A0EE3CC9C0}.Release|x86.Build.0 = Release|Win32
		{35C4242F-4926-4991-A15B-3E50044591D8}.Debug|x64.ActiveCfg = Debug|x64
		{35C4242F-4926-4991-A15B-3E50044591D8}.Debug|x64.Build.0 = Debug|x64
		{35C4242F-4926-4991-A15B-3E50044591D8}.Debug|x86.ActiveCfg = Debug|Win32
		{35C4242F-4926-4991-A15B-3E50044591D8}.Debug|x86.Build.0 = Debug|Win32
		{35C4242F-4926-4991-A15B-3E50044591D8}.Release|x64.ActiveCfg = Release|x64
		{35C4242F-4926-4991-A15B-3E50044591D8}.Release|x64.Build.0 = Release|x64
		{35C4242F-4926-4991-A15B-3E50044591D8}.Release|x86.ActiveCfg = Release|Win32
		{35C4242F-4926-4991-A15B-3E50044591D8}.Release|x86.Build.0 = Release|Win32
		{36D2A94B-B82F-48B4-8642-842ACEF83E9E}.Debug|x64.ActiveCfg = Debug|x64
		{36D2A94B-B82F-48B4-8642-842ACEF83E9E}.Debug|x64.Build.0 = Debug|x64
		{36D2A94B-B82F-48B4-8642-842ACEF83E9E}.Debug|x86.ActiveCfg = Debug|Win32
		{36D2A94B-B82F-48B4-8642-842ACEF83E9E}.Debug|x86.Build.0 = Debug|Win32
		{36D2A94B-B82F-48B4-8642-842ACEF83E9E}.Release|x64.ActiveCfg = Release|x64
		{36D2A94B-B82F-48B4-8642-842ACEF83E9E}.Release|x64.Build.0 = Release|x64
		{36D2A94B-B82F-48B4-8642-842ACEF83E9E}.Release|x86.ActiveCfg = Release|Win32
		{36D2A94B-B82F-48B4-8642-842ACEF83E9E}.Release|x86.Build.0 = Release|Win32
		{2C61BDBA-9820-451C-975E-A52609B57853}.Debug|x64.ActiveCfg = Debug|x64
		{2C61BDBA-9820-451C-975E-A52609B57853}.Debug|x64.Build.0 = Debug|x64
		{2C61BDBA-9820-451C-975E-A52609B57853}.Debug|x86.ActiveCfg = Debug|Win32
		{2C61BDBA-9820-451C-975E-A52609B57853}.Debug|x86.Build.0 = Debug|Win32
		{2C61BDBA-9820-451C-975E-A52609B57853}.Release|x64.ActiveCfg = Release|x64
		{2C61BDBA-9820-451C-975E-A52609B57853}.Release|x64.Build.0 = Release|x64
		{2C61BDBA-9820-451C-975E-A52609B57853}.Release|x86.ActiveCfg = Release|Win32
		{2C61BDBA-9820-451C-975E-A52609B57853}.Release|x86.Build.0 = Release|Win32
		{B96BDFCB-AFF9-43C1-B722-57DBD2AADC52}.Debug|x64.ActiveCfg = Debug|x64
		{B96BDFCB-AFF9-43C1-B722-57DBD2AADC52}.Debug|x64.Build.0 = Debug|x64
		{B96BDFCB-AFF9-43C1-B722-57DBD2AADC52}.Debug|x86.ActiveCfg = Debug|Win32
		{B96BDFCB-AFF9-43C1-B722-57DBD2AADC52}.Debug|x86.Build.0 = Debug|Win32
		{B96BDFCB-AFF9-43C1-B722-57DBD2AADC52}.Release|x64.ActiveCfg = Release|x64
		{B96BDFCB-AFF9-43C1-B722-57DBD2AADC52}.Release|x64.Build.0 = Release|x64
		{B96BDFCB-AFF9-43C1-B722-57DBD2AADC52}.Release|x86.ActiveCfg = Release|Win32
		{B96BDFCB-AFF9-43C1-B722-57DBD2AADC52}.Release|x86.Build.0 = Release|Win32
		{25D7D6C9-951E-470F-8F5F-11457BAD107B}.Debug|x64.ActiveCfg = Debug|x64
		{25D7D6C9-951E-470F-8F5F-11457BAD107B}.Debug|x64.Build.0 = Debug|x64
		{25D7D6C9-951E-470F-8F5F-11457BAD107B}.Debug|x86.ActiveCfg = Debug|Win32
		{25D7D6C9-951E-470F-8F5F-11457BAD107B}.Debug|x86.Build.0 = Debug|Win32
		{25D7D6C9-951E-470F-8F5F-11457BAD107B}.Release|x64.ActiveCfg = Release|x64
		{25D7D6C9-951E-470F-8F5F-11457BAD107B}.Release|x64.Build.0 = Release|x64
		{25D7D6C9-951E-470F-8F5F-11457BAD107B}.Release|x86.ActiveCfg = Release|Win32
		{25D7D6C9-951E-470F-8F5F-11457BAD107B}.Release|x86.Build.0 = Release|Win32
		{760296BC-F2EB-478A-B12E-A04F9FE55F70}.Debug|x64.ActiveCfg = Debug|x64
		{760296BC-F2EB-478A-B12E-A04F9FE55F70}.Debug|x64.Build.0 = Debug|x64
		{760296BC-F2EB-478A-B12E-A04F9FE55F70}.Debug|x86.ActiveCfg = Debug|Win32
		{760296BC-F2EB-478A-B12E-A04F9FE55F70}.Debug|x86.Build.0 = Debug|Win32
		{760296BC-F2EB-478A-B12E-A04F9FE55F70}.Release|x64.ActiveCfg = Release|x64
		{760296BC-F2EB-478A-B12E-A04F9FE55F70}.Release|x64.Build.0 = Release|x64
		{760296BC-F2EB-478A-B12E-A04F9FE55F70}.Release|x86.ActiveCfg = Release|Win32
		{760296BC-F2EB-478A-B12E-A04F9FE55F70}.Release|x86.Build.0 = Release|Win32
		{3A4118AA-33D0-47C9-9917-70226935411D}.Debug|x64.ActiveCfg = Debug|x64
		{3A4118AA-33D0-47C9-9917-70226935411D}.Debug|x64.Build.0 = Debug|x64
		{3A4118AA-33D0-47C9-9917-70226935411D}.Debug|x86.ActiveCfg = Debug|Win32
		{3A4118AA-33D0-47C9-9917-70226935411D}.Debug|x86.Build.0 = Debug|Win32
		{3A4118AA-33D0-47C9-9917-70226935411D}.Release|x64.ActiveCfg = Release|x64
		{3A4118AA-33D0-47C9-9917-70226935411D}.Release|x64.Build.0 = Release|x64
		{3A4118AA-33D0-47C9-9917-70226935411D}.Release|x86.ActiveCfg = Release|Win32
		{3A4118AA-33D0-47C9-9917-70226935411D}.Release|x86.Build.0 = Release|Win32
		{A0C88C5C-31C5-47F4-B411-CC29931E521A}.Debug|x64.ActiveCfg = Debug|x64
		{A0C88C5C-31C5-47F4-B411-CC29931E521A}.Debug|x64.Build.0 = Debug|x64
		{A0C88C5C-31C5-47F4-B411-CC29931E521A}.Debug|x86.ActiveCfg = Debug|Win32
		{A0C88C5C-31C5-47F4-B411-CC29931E521A}.Debug|x86.Build.0 = Debug|Win32
		{A0C88C5C-31C5-47F4-B411-CC29931E521A}.Release|x64.ActiveCfg = Release|x64
		{A0C88C5C-31C5-47F4-B411-CC29931E521A}.Release|x64.Build.0 = Release|x64
		{A0C88C5C-31C5-47F4-B411-CC29931E521A}.Release|x86.ActiveCfg = Release|Win32
		{A0C88C5C-31C5-47F4-B411-CC29931E521A}.Release|x86.Build.0 = Release|Win32
		{68F1A062-1E75-4B14-ADE1-CDA67B859D39}.Debug|x64.ActiveCfg = Debug|x64
		{68F1A062-1E75-4B14-ADE1-CDA67B859D39}.Debug|x64.Build.0 = Debug|x64
		{68F1A062-1E75-4B14-ADE1-CDA67B859D39}.Debug|x86.ActiveCfg = Debug|Win32
		{68F1A062-1E75-4B14-ADE1-CDA67B859D39}.Debug|x86.Build.0 = Debug|Win32
		{68F1A062-1E75-4B14-ADE1-CDA67B859D39}.Release|x64.ActiveCfg = Release|x64
		{68F1A062-1E75-4B14-ADE1-CDA67B859D39}.Release|x64.Build.0 = Release|x64
		{68F1A062-1E75-4B14-ADE1-CDA67B859D39}.Release|x86.ActiveCfg = Release|Win32
		{68F1A062-1E75-4B14-ADE1-CDA67B859D39}.Release|x86.Build.0 = Release|Win32
		{E52E70B3-3823-4986-8C8B-6913F2480612}.Debug|x64.ActiveCfg = Debug|x64
		{E52E70B3-3823-4986-8C8B-6913F2480612}.Debug|x64.Build.0 = Debug|x64
		{E52E70B3-3823-4986-8C8B-6913F2480612}.Debug|x86.ActiveCfg = Debug|Win32
		{E52E70B3-3823-4986-8C8B-6913F2480612}.Debug|x86.Build.0 = Debug|Win32
		{E52E70B3-3823-4986-8C8B-6913F2480612}.Release|x64.ActiveCfg = Release|x64
		{E52E70B3-3823-4986-8C8B-6913F2480612}.Release|x64.Build.0 = Release|x64
		{E52E70B3-3823-4986-8C8B-6913F2480612}.Release|x86.ActiveCfg = Release|Win32
		{E52E70B3-3823-4986-8C8B-6913F2480612}.Release|x86.Build.0 = Release|Win32
		{3B2434D2-1574-401B-8307-46E843173C0B}.Debug|x64.ActiveCfg = Debug|x64
		{3B2434D2-1574-401B-8307-46E843173C0B}.Debug|x64.Build.0 = Debug|x64
		{3B2434D2-1574-401B-8307-46E843173C0B}.Debug|x86.ActiveCfg = Debug|Win32
		{3B2434D2-1574-401B-8307-46E843173C0B}.Debug|x86.Build.0 = Debug|Win32
		{3B2434D2-1574-401B-8307-46E843173C0B}.Release|x64.ActiveCfg = Release|x64
		{3B2434D2-1574-401B-8307-46E843173C0B}.Release|x64.Build.0 = Release|x64
		{3B2434D2-1574-401B-8307-46E843173C0B}.Release|x86.ActiveCfg = Release|Win32
		{3B2434D2-1574-401B-8307-46E843173C0B}.Release|x86.Build.0 = Release|Win32
		{4AE14ECB-20E8-44A6-828C-E08B97339C16}.Debug|x64.ActiveCfg = Debug|x64
		{4AE14ECB-20E8-44A6-828C-E08B97339C16}.Debug|x64.Build.0 = Debug|x64
		{4AE14ECB-20E8-44A6-828C-E08B97339C16}.Debug|x86.ActiveCfg = Debug|Win32
		{4AE14ECB-20E8-44A6-828C-E08B97339C16}.Debug|x86.Build.0 = Debug|Win32
		{4AE14ECB-20E8-44A6-828C-E08B97339C16}.Release|x64.ActiveCfg = Release|x64
		{4AE14ECB-20E8-44A6-828C-E08B97339C16}.Release|x64.Build.0 = Release|x64
		{4AE14ECB-20E8-44A6-828C-E08B97339C16}.Release|x86.ActiveCfg = Release|Win32
		{4AE14ECB-20E8-44A6-828C-E08B97339C16}.Release|x86.Build.0 = Release|Win32
		{23AF22B0-9480-4CDA-92FC-BE961517AFA8}.Debug|x64.ActiveCfg = Debug|x64
		{23AF22B0-9480-4CDA-92FC-BE961517AFA8}.Debug|x64.Build.0 = Debug|x64
		{23AF22B0-9480-4CDA-92FC-BE961517AFA8}.Debug|x86.ActiveCfg = Debug|Win32
		{23AF22B0-9480-4CDA-92FC-BE961517AFA8}.Debug|x86.Build.0 = Debug|Win32
		{23AF22B0-9480-4CDA-92FC-BE961517AFA8}.Release|x64.ActiveCfg = Release|x64
		{23AF22B0-9480-4CDA-92FC-BE961517AFA8}.Release|x64.Build.0 = Release|x64
		{23AF22B0-9480-4CDA-92FC-BE961517AFA8}.Release|x86.ActiveCfg = Release|Win32
		{23AF22B0-9480-4CDA-92FC-BE961517AFA8}.Release|x86.Build.0 = Release|Win32
		{936CE96E-2438-46EB-A15A-EBEA57207B29}.Debug|x64.ActiveCfg = Debug|x64
		{936CE96E-2438-46EB-A15A-EBEA57207B29}.Debug|x64.Build.0 = Debug|x64
		{936CE96E-2438-46EB-A15A-EBEA57207B29}.Debug|x86.ActiveCfg = Debug|Win32
		{936CE96E-2438-46EB-A15A-EBEA57207B29}.Debug|x86.Build.0 = Debug|Win32
		{936CE96E-2438-46EB-A15A-EBEA57207B29}.Release|x64.ActiveCfg = Release|x64
		{936CE96E-2438-46EB-A15A-EBEA57207B29}.Release|x64.Build.0 = Release|x64
		{936CE96E-2438-46EB-A15A-EBEA57207B29}.Release|x86.ActiveCfg = Release|Win32
		{936CE96E-2438-46EB-A15A-EBEA57207B29}.Release|x86.Build.0 = Release|Win32
		{ECD8A781-B651-460E-A9EC-111B4B386F60}.Debug|x64.ActiveCfg = Debug|x64
		{ECD8A781-B651-460E-A9EC-111B4B386F60}.Debug|x64.Build.0 = Debug|x64
		{ECD8A781-B651-460E-A9EC-111B4B386F60}.Debug|x86.ActiveCfg = Debug|Win32
		{ECD8A781-B651-460E-A9EC-111B4B386F60}.Debug|x86.Build.0 = Debug|Win32
		{ECD8A781-B651-460E-A9EC-111B4B386F60}.Release|x64.ActiveCfg = Release|x64
		{ECD8A781-B651-460E-A9EC-111B4B386F60}.Release|x64.Build.0 = Release|x64
		{ECD8A781-B651-460E-A9EC-111B4B386F60}.Release|x86.ActiveCfg = Release|Win32
		{ECD8A781-B651-460E-A9EC-111B4B386F60}.Release|x86.Build.0 = Release|Win32
		{C938768F-9361-4FBD-86F5-CB154941C1B4}.Debug|x64.ActiveCfg = Debug|x64
		{C938768F-9361-4FBD-86F5-CB154941C1B4}.Debug|x64.Build.0 = Debug|x64
		{C938768F-9361-4FBD-86F5-CB154941C1B4}.Debug|x86.ActiveCfg = Debug|Win32
		{C938768F-9361-4FBD-86F5-CB154941C1B4}.Debug|x86.Build.0 = Debug|Win32
		{C938768F-9361-4FBD-86F5-CB154941C1B4}.Release|x64.ActiveCfg = Release|x64
		{C938768F-9361-4FBD-86F5-CB154941C1B4}.Release|x64.Build.0 = Release|x64
		{C938768F-9361-4FBD-86F5-CB154941C1B4}.Release|x86.ActiveCfg = Release|Win32
		{C938768F-9361-4FBD-86F5-CB154941C1B4}.Release|x86.Build.0 = Release|Win32
		{5324591E-37FD-431B-B361-2A9CE555381A}.Debug|x64.ActiveCfg = Debug|x64
		{5324591E-37FD-431B-B361-2A9CE555381A}.Debug|x64.Build.0 = Debug|x64
		{5324591E-37FD-431B-B361-2A9CE555381A}.Debug|x86.ActiveCfg = Debug|Win32
		{5324591E-37FD-431B-B361-2A9CE555381A}.Debug|x86.Build.0 = Debug|Win32
		{5324591E-37FD-431B-B361-2A9CE555381A}.Release|x64.ActiveCfg = Release|x64
		{5324591E-37FD-431B-B361-2A9CE555381A}.Release|x64.Build.0 = Release|x64
		{5324591E-37FD-431B-B361-2A9CE555381A}.Release|x86.ActiveCfg = Release|Win32
		{5324591E-37FD-431B-B361-2A9CE555381A}.Release|x86.Build.0 = Release|Win32
		{F9360651-A4B0-4183-969C-BE84657FF754}.Debug|x64.ActiveCfg = Debug|x64
		{F9360651-A4B0-4183-969C-BE84657FF754}.Debug|x64.Build.0 = Debug|x64
		{F9360651-A4B0-4183-969C-BE84657FF754}.Debug|x86.ActiveCfg = Debug|Win32
		{F9360651-A4B0-4183-969C-BE84657FF754}.Debug|x86.Build.0 = Debug|Win32
		{F9360651-A4B0-4183-969C-BE84657FF754}.Release|x64.ActiveCfg = Release|x64
		{F9360651-A4B0-4183-969C-BE84657FF754}.Release|x64.Build.0 = Release|x64
		{F9360651-A4B0-4183-969C-BE84657FF754}.Release|x86.ActiveCfg = Release|Win32
		{F9360651-A4B0-4183-969C-BE84657FF754}.Release|x86.Build.0 = Release|Win32
		{2908F7F0-55FD-4C8D-A1D7-24D974F0C5A7}.Debug|x64.ActiveCfg = Debug|x64
		{2908F7F0-55FD-4C8D-A1D7-24D974F0C5A7}.Debug|x64.Build.0 = Debug|x64
		{2908F7F0-55FD-4C8D-A1D7-24D974F0C5A7}.Debug|x86.ActiveCfg = Debug|Win32
		{2908F7F0-55FD-4C8D-A1D7-24D974F0C5A7}.Debug|x86.Build.0 = Debug|Win32
		{2908F7F0-55FD-4C8D-A1D7-24D974F0C5A7}.Release|x64.ActiveCfg = Release|x64
		{2908F7F0-55FD-4C8D-A1D7-24D974F0C5A7}.Release|x64.Build.0 = Release|x64
		{2908F7F0-55FD-4C8D-A1D7-24D974F0C5A7}.Release|x86.ActiveCfg = Release|Win32
		{2908F7F0-55FD-4C8D-A1D7-24D974F0C5A7}.Release|x86.Build.0 = Release|Win32
		{E433EBC3-0D7D-4FA6-B6F4-C636F445010C}.Debug|x64.ActiveCfg = Debug|x64
		{E433EBC3-0D7D-4FA6-B6F4-C636F445010C}.Debug|x64.Build.0 = Debug|x64
		{E433EBC3-0D7D-4FA6-B6F4-C636F445010C}.Debug|x86.ActiveCfg = Debug|Win32
		{E433EBC3-0D7D-4FA6-B6F4-C636F445010C}.Debug|x86.Build.0 = Debug|Win32
		{E433EBC3-0D7D-4FA6-B6F4-C636F445010C}.Release|x64.ActiveCfg = Release|x64
		{E433EBC3-0D7D-4FA6-B6F4-C636F445010C}.Release|x64.Build.0 = Release|x64
		{E433EBC3-0D7D-4FA6-B6F4-C636F445010C}.Release|x86.ActiveCfg = Release|Win32
		{E433EBC3-0D7D-4FA6-B6F4-C636F445010C}.Release|x86.Build.0 = Release|Win32
		{10CFF594-4E88-4309-8F21-8A56E27C9B74}.Debug|x64.ActiveCfg = Debug|x64
		{10CFF594-4E88-4309-8F21-8A56E27C9B74}.Debug|x64.Build.0 = Debug|x64
		{10CFF594-4E88-4309-8F21-8A56E27C9B74}.Debug|x86.ActiveCfg = Debug|Win32
		{10CFF594-4E88-4309-8F21-8A56E27C9B74}.Debug|x86.Build.0 = Debug|Win32
		{10CFF594-4E88-4309-8F21-8A56E27C9B74}.Release|x64.ActiveCfg = Release|x64
		{10CFF594-4E88-4309-8F21-8A56E27C9B74}.Release|x64.Build.0 = Release|x64
		{10CFF594-4E88-4309-8F21-8A56E27C9B74}.Release|x86.ActiveCfg = Release|Win32
		{10CFF594-4E88-4309-8F21-8A56E27C9B74}.Release|x86.Build.0 = Release|Win32
		{E822E365-8956-4154-8D53-9F60C85FD03B}.Debug|x64.ActiveCfg = Debug|x64
		{E822E365-8956-4154-8D53-9F60C85FD03B}.Debug|x64.Build.0 = Debug|x64
		{E822E365-8956-4154-8D53-9F60C85FD03B}.Debug|x86.ActiveCfg = Debug|Win32
		{E822E365-8956-4154-8D53-9F60C85FD03B}.Debug|x86.Build.0 = Debug|Win32
		{E822E365-8956-4154-8D53-9F60C85FD03B}.Release|x64.ActiveCfg = Release|x64
		{E822E365-8956-4154-8D53-9F60C85FD03B}.Release|x64.Build.0 = Release|x64
		{E822E365-8956-4154-8D53-9F60C85FD03B}.Release|x86.ActiveCfg = Release|Win32
		{E822E365-8956-4154-8D53-9F60C85FD03B}.Release|x86.Build.0 = Release|Win32
		{43D7A9AF-0288-4B7E-876B-B4B9694C6A25}.Debug|x64.ActiveCfg = Debug|x64
		{43D7A9AF-0288-4B7E-876B-B4B9694C6A25}.Debug|x64.Build.0 = Debug|x64
		{43D7A9AF-0288-4B7E-876B-B4B9694C6A25}.Debug|x86.ActiveCfg = Debug|Win32
		{43D7A9AF-0288-4B7E-876B-B4B9694C6A25}.Debug|x86.Build.0 = Debug|Win32
		{43D7A9AF-0288-4B7E-876B-B4B9694C6A25}.Release|x64.ActiveCfg = Release|x64
		{43D7A9AF-0288-4B7E-876B-B4B9694C6A25}.Release|x64.Build.0 = Release|x64
		{43D7A9AF-0288-4B7E-876B-B4B9694C6A25}.Release|x86.ActiveCfg = Release|Win32
		{43D7A9AF-0288-4B7E-876B-B4B9694C6A25}.Release|x86.Build.0 = Release|Win32
		{E279903C-C460-4AA8-BB9E-E779404AA25B}.Debug|x64.ActiveCfg = Debug|x64
		{E279903C-C460-4AA8-BB9E-E779404AA25B}.Debug|x64.Build.0 = Debug|x64
		{E279903C-C460-4AA8-BB9E-E779404AA25B}.Debug|x86.ActiveCfg = Debug|Win32
		{E279903C-C460-4AA8-BB9E-E779404AA25B}.Debug|x86.Build.0 = Debug|Win32
		{E279903C-C460-4AA8-BB9E-E779404AA25B}.Release|x64.ActiveCfg = Release|x64
		{E279903C-C460-4AA8-BB9E-E779404AA25B}.Release|x64.Build.0 = Release|x64
		{E279903C-C460-4AA8-BB9E-E779404AA25B}.Release|x86.ActiveCfg = Release|Win32
		{E279903C-C460-4AA8-BB9E-E779404AA25B}.Release|x86.Build.0 = Release|Win32
		{85E8737E-958E-4D7D-93C1-C77D54F701AD}.Debug|x64.ActiveCfg = Debug|x64
		{85E8737E-958E-4D7D-93C1-C77D54F701AD}.Debug|x64.Build.0 = Debug|x64
		{85E8737E-958E-4D7D-93C1-C77D54F701AD}.Debug|x86.ActiveCfg = Debug|Win32
		{85E8737E-958E-4D7D-93C1-C77D54F701AD}.Debug|x86.Build.0 = Debug|Win32
		{85E8737E-958E-4D7D-93C1-C77D54F701AD}.Release|x64.ActiveCfg = Release|x64
		{85E8737E-958E-4D7D-93C1-C77D54F701AD}.Release|x64.Build.0 = Release|x64
		{85E8737E-958E-4D7D-93C1-C77D54F701AD}.Release|x86.ActiveCfg = Release|Win32
		{85E8737E-958E-4D7D-93C1-C77D54F701AD}.Release|x86.Build.0 = Release|Win32
		{152325E8-7F87-44D1-B9E8-6F1F90A0CE79}.Debug|x64.ActiveCfg = Debug|x64
		{152325E8-7F87-44D1-B9E8-6F1F90A0CE79}.Debug|x64.Build.0 = Debug|x64
		{152325E8-7F87-44D1-B9E8-6F1F90A0CE79}.Debug|x86.ActiveCfg = Debug|Win32
		{152325E8-7F87-44D1-B9E8-6F1F90A0CE79}.Debug|x86.Build.0 = Debug|Win32
		{152325E8-7F87-44D1-B9E8-6F1F90A0CE79}.Release|x64.ActiveCfg = Release|x64
		{152325E8-7F87-44D1-B9E8-6F1F90A0CE79}.Release|x64.Build.0 = Release|x64
		{152325E8-7F87-44D1-B9E8-6F1F90A0CE79}.Release|x86.ActiveCfg = Release|Win32
		{152325E8-7F87-44D1-B9E8-6F1F90A0CE79}.Release|x86.Build.0 = Release|Win32
		{49F83A84-DDDA-4584-BB62-6443ABC82A9C}.Debug|x64.ActiveCfg = Debug|x64
		{49F83A84-DDDA-4584-BB62-6443ABC82A9C}.Debug|x64.Build.0 = Debug|x64
		{49F83A84-DDDA-4584-BB62-6443ABC82A9C}.Debug|x86.ActiveCfg = Debug|Win32
		{49F83A84-DDDA-4584-BB62-6443ABC82A9C}.Debug|x86.Build.0 = Debug|Win32
		{49F83A84-DDDA-4584-BB62-6443ABC82A9C}.Release|x64.ActiveCfg = Release|x64
		{49F83A84-DDDA-4584-BB62-6443ABC82A9C}.Release|x64.Build.0 = Release|x64
		{49F83A84-DDDA-4584-BB62-6443ABC82A9C}.Release|x86.ActiveCfg = Release|Win32
		{49F83A84-DDDA-4584-BB62-6443ABC82A9C}.Release|x86.Build.0 = Release|Win32
		{FE3BBB20-5D31-4BB9-B26D-6AB59F82EF2D}.Debug|x64.ActiveCfg = Debug|x64
		{FE3BBB20-5D31-4BB9-B26D-6AB59F82EF2D}.Debug|x64.Build.0 = Debug|x64
		{FE3BBB20-5D31-4BB9-B26D-6AB59F82EF2D}.Debug|x86.ActiveCfg = Debug|Win32
		{FE3BBB20-5D31-4BB9-B26D-6AB59F82EF2D}.Debug|x86.Build.0 = Debug|Win32
		{FE3BBB20-5D31-4BB9-B26D-6AB59F82EF2D}.Release|x64.ActiveCfg = Release|x64
		{FE3BBB20-5D31-4BB9-B26D-6AB59F82EF2D}.Release|x64.Build.0 = Release|x64
		{FE3BBB20-5D31-4BB9-B26D-6AB59F82EF2D}.Release|x86.ActiveCfg = Release|Win32
		{FE3BBB20-5D31-4BB9-B26D-6AB59F82EF2D}.Release|x86.Build.0 = Release|Win32
		{4E983D25-2EED-466F-9439-A0279C46182A}.Debug|x64.ActiveCfg = Debug|x64
		{4E983D25-2EED-466F-9439-A0279C46182A}.Debug|x64.Build.0 = Debug|x64
		{4E983D25-2EED-466F-9439-A0279C46182A}.Debug|x86.ActiveCfg = Debug|Win32
		{4E983D25-2EED-466F-9439-A0279C46182A}.Debug|x86.Build.0 = Debug|Win32
		{4E983D25-2EED-466F-9439-A0279C46182A}.Release|x64.ActiveCfg = Release|x64
		{4E983D25-2EED-466F-9439-A0279C46182A}.Release|x64.Build.0 = Release|x64
		{4E983D25-2EED-466F-9439-A0279C46182A}.Release|x86.ActiveCfg = Release|Win32
		{4E983D25-2EED-466F-9439-A0279C46182A}.Release|x86.Build.0 = Release|Win32
		{1743F315-330A-455B-989C-17FD5DE3D1D8}.Debug|x64.ActiveCfg = Debug|x64
		{1743F315-330A-455B-989C-17FD5DE3D1D8}.Debug|x64.Build.0 = Debug|x64
		{1743F315-330A-455B-989C-17FD5DE3D1D8}.Debug|x86.ActiveCfg = Debug|Win32
		{1743F315-330A-455B-989C-17FD5DE3D1D8}.Debug|x86.Build.0 = Debug|Win32
		{1743F315-330A-455B-989C-17FD5DE3D1D8}.Release|x64.ActiveCfg = Release|x64
		{1743F315-330A-455B-989C-17FD5DE3D1D8}.Release|x64.Build.0 = Release|x64
		{1743F315-330A-455B-989C-17FD5DE3D1D8}.Release|x86.ActiveCfg = Release|Win32
		{1743F315-330A-455B-989C-17FD5DE3D1D8}.Release|x86.Build.0 = Release|Win32
		{1FE645DA-3B36-4676-8326-9C007431C472}.Debug|x64.ActiveCfg = Debug|x64
		{1FE645DA-3B36-4676-8326-9C007431C472}.Debug|x64.Build.0 = Debug|x64
		{1FE645DA-3B36-4676-8326-9C007431C472}.Debug|x86.ActiveCfg = Debug|Win32
		{1FE645DA-3B36-4676-8326-9C007431C472}.Debug|x86.Build.0 = Debug|Win32
		{1FE645DA-3B36-4676-8326-9C007431C472}.Release|x64.ActiveCfg = Release|x64
		{1FE645DA-3B36-4676-8326-9C007431C472}.Release|x64.Build.0 = Release|x64
		{1FE645DA-3B36-4676-8326-9C007431C472}.Release|x86.ActiveCfg = Release|Win32
		{1FE645DA-3B36-4676-8326-9C007431C472}.Release|x86.Build.0 = Release|Win32
	EndGlobalSection
	GlobalSection(SolutionProperties) = preSolution
		HideSolutionNode = FALSE
	EndGlobalSection
	GlobalSection(ExtensibilityGlobals) = postSolution
		SolutionGuid = {EDC7B46D-25F6-46FF-9AFC-6E4807DC8EA6}
	EndGlobalSection
EndGlobal
